// !$*UTF8*$!
{
	archiveVersion = 1;
	classes = {
	};
	objectVersion = 56;
	objects = {

/* Begin PBXBuildFile section */
		2255F8AF2B5FBA76008E9570 /* Download_ManagerApp.swift in Sources */ = {isa = PBXBuildFile; fileRef = 2255F8AE2B5FBA76008E9570 /* Download_ManagerApp.swift */; };
		2255F8B12B5FBA76008E9570 /* ContentView.swift in Sources */ = {isa = PBXBuildFile; fileRef = 2255F8B02B5FBA76008E9570 /* ContentView.swift */; };
		2255F8B32B5FBA78008E9570 /* Assets.xcassets in Resources */ = {isa = PBXBuildFile; fileRef = 2255F8B22B5FBA78008E9570 /* Assets.xcassets */; };
		2255F8B62B5FBA78008E9570 /* Preview Assets.xcassets in Resources */ = {isa = PBXBuildFile; fileRef = 2255F8B52B5FBA78008E9570 /* Preview Assets.xcassets */; };
		2255F8C12B5FBA78008E9570 /* Download_ManagerTests.swift in Sources */ = {isa = PBXBuildFile; fileRef = 2255F8C02B5FBA78008E9570 /* Download_ManagerTests.swift */; };
		2255F8CB2B5FBA78008E9570 /* Download_ManagerUITests.swift in Sources */ = {isa = PBXBuildFile; fileRef = 2255F8CA2B5FBA78008E9570 /* Download_ManagerUITests.swift */; };
		2255F8CD2B5FBA78008E9570 /* Download_ManagerUITestsLaunchTests.swift in Sources */ = {isa = PBXBuildFile; fileRef = 2255F8CC2B5FBA78008E9570 /* Download_ManagerUITestsLaunchTests.swift */; };
/* End PBXBuildFile section */

/* Begin PBXContainerItemProxy section */
		2255F8BD2B5FBA78008E9570 /* PBXContainerItemProxy */ = {
			isa = PBXContainerItemProxy;
			containerPortal = 2255F8A32B5FBA76008E9570 /* Project object */;
			proxyType = 1;
			remoteGlobalIDString = 2255F8AA2B5FBA76008E9570;
			remoteInfo = "Download Manager";
		};
		2255F8C72B5FBA78008E9570 /* PBXContainerItemProxy */ = {
			isa = PBXContainerItemProxy;
			containerPortal = 2255F8A32B5FBA76008E9570 /* Project object */;
			proxyType = 1;
			remoteGlobalIDString = 2255F8AA2B5FBA76008E9570;
			remoteInfo = "Download Manager";
		};
/* End PBXContainerItemProxy section */

/* Begin PBXFileReference section */
		2255F8AB2B5FBA76008E9570 /* Download Manager.app */ = {isa = PBXFileReference; explicitFileType = wrapper.application; includeInIndex = 0; path = "Download Manager.app"; sourceTree = BUILT_PRODUCTS_DIR; };
		2255F8AE2B5FBA76008E9570 /* Download_ManagerApp.swift */ = {isa = PBXFileReference; lastKnownFileType = sourcecode.swift; path = Download_ManagerApp.swift; sourceTree = "<group>"; };
		2255F8B02B5FBA76008E9570 /* ContentView.swift */ = {isa = PBXFileReference; lastKnownFileType = sourcecode.swift; path = ContentView.swift; sourceTree = "<group>"; };
		2255F8B22B5FBA78008E9570 /* Assets.xcassets */ = {isa = PBXFileReference; lastKnownFileType = folder.assetcatalog; path = Assets.xcassets; sourceTree = "<group>"; };
		2255F8B52B5FBA78008E9570 /* Preview Assets.xcassets */ = {isa = PBXFileReference; lastKnownFileType = folder.assetcatalog; path = "Preview Assets.xcassets"; sourceTree = "<group>"; };
		2255F8B72B5FBA78008E9570 /* Download_Manager.entitlements */ = {isa = PBXFileReference; lastKnownFileType = text.plist.entitlements; path = Download_Manager.entitlements; sourceTree = "<group>"; };
		2255F8BC2B5FBA78008E9570 /* Download ManagerTests.xctest */ = {isa = PBXFileReference; explicitFileType = wrapper.cfbundle; includeInIndex = 0; path = "Download ManagerTests.xctest"; sourceTree = BUILT_PRODUCTS_DIR; };
		2255F8C02B5FBA78008E9570 /* Download_ManagerTests.swift */ = {isa = PBXFileReference; lastKnownFileType = sourcecode.swift; path = Download_ManagerTests.swift; sourceTree = "<group>"; };
		2255F8C62B5FBA78008E9570 /* Download ManagerUITests.xctest */ = {isa = PBXFileReference; explicitFileType = wrapper.cfbundle; includeInIndex = 0; path = "Download ManagerUITests.xctest"; sourceTree = BUILT_PRODUCTS_DIR; };
		2255F8CA2B5FBA78008E9570 /* Download_ManagerUITests.swift */ = {isa = PBXFileReference; lastKnownFileType = sourcecode.swift; path = Download_ManagerUITests.swift; sourceTree = "<group>"; };
		2255F8CC2B5FBA78008E9570 /* Download_ManagerUITestsLaunchTests.swift */ = {isa = PBXFileReference; lastKnownFileType = sourcecode.swift; path = Download_ManagerUITestsLaunchTests.swift; sourceTree = "<group>"; };
/* End PBXFileReference section */

/* Begin PBXFrameworksBuildPhase section */
		2255F8A82B5FBA76008E9570 /* Frameworks */ = {
			isa = PBXFrameworksBuildPhase;
			buildActionMask = 2147483647;
			files = (
			);
			runOnlyForDeploymentPostprocessing = 0;
		};
		2255F8B92B5FBA78008E9570 /* Frameworks */ = {
			isa = PBXFrameworksBuildPhase;
			buildActionMask = 2147483647;
			files = (
			);
			runOnlyForDeploymentPostprocessing = 0;
		};
		2255F8C32B5FBA78008E9570 /* Frameworks */ = {
			isa = PBXFrameworksBuildPhase;
			buildActionMask = 2147483647;
			files = (
			);
			runOnlyForDeploymentPostprocessing = 0;
		};
/* End PBXFrameworksBuildPhase section */

/* Begin PBXGroup section */
		2255F8A22B5FBA76008E9570 = {
			isa = PBXGroup;
			children = (
				2255F8AD2B5FBA76008E9570 /* Download Manager */,
				2255F8BF2B5FBA78008E9570 /* Download ManagerTests */,
				2255F8C92B5FBA78008E9570 /* Download ManagerUITests */,
				2255F8AC2B5FBA76008E9570 /* Products */,
			);
			sourceTree = "<group>";
		};
		2255F8AC2B5FBA76008E9570 /* Products */ = {
			isa = PBXGroup;
			children = (
				2255F8AB2B5FBA76008E9570 /* Download Manager.app */,
				2255F8BC2B5FBA78008E9570 /* Download ManagerTests.xctest */,
				2255F8C62B5FBA78008E9570 /* Download ManagerUITests.xctest */,
			);
			name = Products;
			sourceTree = "<group>";
		};
		2255F8AD2B5FBA76008E9570 /* Download Manager */ = {
			isa = PBXGroup;
			children = (
				2255F8AE2B5FBA76008E9570 /* Download_ManagerApp.swift */,
				2255F8B02B5FBA76008E9570 /* ContentView.swift */,
				2255F8B22B5FBA78008E9570 /* Assets.xcassets */,
				2255F8B72B5FBA78008E9570 /* Download_Manager.entitlements */,
				2255F8B42B5FBA78008E9570 /* Preview Content */,
			);
			path = "Download Manager";
			sourceTree = "<group>";
		};
		2255F8B42B5FBA78008E9570 /* Preview Content */ = {
			isa = PBXGroup;
			children = (
				2255F8B52B5FBA78008E9570 /* Preview Assets.xcassets */,
			);
			path = "Preview Content";
			sourceTree = "<group>";
		};
		2255F8BF2B5FBA78008E9570 /* Download ManagerTests */ = {
			isa = PBXGroup;
			children = (
				2255F8C02B5FBA78008E9570 /* Download_ManagerTests.swift */,
			);
			path = "Download ManagerTests";
			sourceTree = "<group>";
		};
		2255F8C92B5FBA78008E9570 /* Download ManagerUITests */ = {
			isa = PBXGroup;
			children = (
				2255F8CA2B5FBA78008E9570 /* Download_ManagerUITests.swift */,
				2255F8CC2B5FBA78008E9570 /* Download_ManagerUITestsLaunchTests.swift */,
			);
			path = "Download ManagerUITests";
			sourceTree = "<group>";
		};
/* End PBXGroup section */

/* Begin PBXNativeTarget section */
		2255F8AA2B5FBA76008E9570 /* Download Manager */ = {
			isa = PBXNativeTarget;
			buildConfigurationList = 2255F8D02B5FBA78008E9570 /* Build configuration list for PBXNativeTarget "Download Manager" */;
			buildPhases = (
				2255F8A72B5FBA76008E9570 /* Sources */,
				2255F8A82B5FBA76008E9570 /* Frameworks */,
				2255F8A92B5FBA76008E9570 /* Resources */,
			);
			buildRules = (
			);
			dependencies = (
			);
			name = "Download Manager";
			productName = "Download Manager";
			productReference = 2255F8AB2B5FBA76008E9570 /* Download Manager.app */;
			productType = "com.apple.product-type.application";
		};
		2255F8BB2B5FBA78008E9570 /* Download ManagerTests */ = {
			isa = PBXNativeTarget;
			buildConfigurationList = 2255F8D32B5FBA78008E9570 /* Build configuration list for PBXNativeTarget "Download ManagerTests" */;
			buildPhases = (
				2255F8B82B5FBA78008E9570 /* Sources */,
				2255F8B92B5FBA78008E9570 /* Frameworks */,
				2255F8BA2B5FBA78008E9570 /* Resources */,
			);
			buildRules = (
			);
			dependencies = (
				2255F8BE2B5FBA78008E9570 /* PBXTargetDependency */,
			);
			name = "Download ManagerTests";
			productName = "Download ManagerTests";
			productReference = 2255F8BC2B5FBA78008E9570 /* Download ManagerTests.xctest */;
			productType = "com.apple.product-type.bundle.unit-test";
		};
		2255F8C52B5FBA78008E9570 /* Download ManagerUITests */ = {
			isa = PBXNativeTarget;
			buildConfigurationList = 2255F8D62B5FBA78008E9570 /* Build configuration list for PBXNativeTarget "Download ManagerUITests" */;
			buildPhases = (
				2255F8C22B5FBA78008E9570 /* Sources */,
				2255F8C32B5FBA78008E9570 /* Frameworks */,
				2255F8C42B5FBA78008E9570 /* Resources */,
			);
			buildRules = (
			);
			dependencies = (
				2255F8C82B5FBA78008E9570 /* PBXTargetDependency */,
			);
			name = "Download ManagerUITests";
			productName = "Download ManagerUITests";
			productReference = 2255F8C62B5FBA78008E9570 /* Download ManagerUITests.xctest */;
			productType = "com.apple.product-type.bundle.ui-testing";
		};
/* End PBXNativeTarget section */

/* Begin PBXProject section */
		2255F8A32B5FBA76008E9570 /* Project object */ = {
			isa = PBXProject;
			attributes = {
				BuildIndependentTargetsInParallel = 1;
				LastSwiftUpdateCheck = 1520;
				LastUpgradeCheck = 1520;
				TargetAttributes = {
					2255F8AA2B5FBA76008E9570 = {
						CreatedOnToolsVersion = 15.2;
					};
					2255F8BB2B5FBA78008E9570 = {
						CreatedOnToolsVersion = 15.2;
						TestTargetID = 2255F8AA2B5FBA76008E9570;
					};
					2255F8C52B5FBA78008E9570 = {
						CreatedOnToolsVersion = 15.2;
						TestTargetID = 2255F8AA2B5FBA76008E9570;
					};
				};
			};
			buildConfigurationList = 2255F8A62B5FBA76008E9570 /* Build configuration list for PBXProject "Download Manager" */;
			compatibilityVersion = "Xcode 14.0";
			developmentRegion = en;
			hasScannedForEncodings = 0;
			knownRegions = (
				en,
				Base,
			);
			mainGroup = 2255F8A22B5FBA76008E9570;
			productRefGroup = 2255F8AC2B5FBA76008E9570 /* Products */;
			projectDirPath = "";
			projectRoot = "";
			targets = (
				2255F8AA2B5FBA76008E9570 /* Download Manager */,
				2255F8BB2B5FBA78008E9570 /* Download ManagerTests */,
				2255F8C52B5FBA78008E9570 /* Download ManagerUITests */,
			);
		};
/* End PBXProject section */

/* Begin PBXResourcesBuildPhase section */
		2255F8A92B5FBA76008E9570 /* Resources */ = {
			isa = PBXResourcesBuildPhase;
			buildActionMask = 2147483647;
			files = (
				2255F8B62B5FBA78008E9570 /* Preview Assets.xcassets in Resources */,
				2255F8B32B5FBA78008E9570 /* Assets.xcassets in Resources */,
			);
			runOnlyForDeploymentPostprocessing = 0;
		};
		2255F8BA2B5FBA78008E9570 /* Resources */ = {
			isa = PBXResourcesBuildPhase;
			buildActionMask = 2147483647;
			files = (
			);
			runOnlyForDeploymentPostprocessing = 0;
		};
		2255F8C42B5FBA78008E9570 /* Resources */ = {
			isa = PBXResourcesBuildPhase;
			buildActionMask = 2147483647;
			files = (
			);
			runOnlyForDeploymentPostprocessing = 0;
		};
/* End PBXResourcesBuildPhase section */

/* Begin PBXSourcesBuildPhase section */
		2255F8A72B5FBA76008E9570 /* Sources */ = {
			isa = PBXSourcesBuildPhase;
			buildActionMask = 2147483647;
			files = (
				2255F8B12B5FBA76008E9570 /* ContentView.swift in Sources */,
				2255F8AF2B5FBA76008E9570 /* Download_ManagerApp.swift in Sources */,
			);
			runOnlyForDeploymentPostprocessing = 0;
		};
		2255F8B82B5FBA78008E9570 /* Sources */ = {
			isa = PBXSourcesBuildPhase;
			buildActionMask = 2147483647;
			files = (
				2255F8C12B5FBA78008E9570 /* Download_ManagerTests.swift in Sources */,
			);
			runOnlyForDeploymentPostprocessing = 0;
		};
		2255F8C22B5FBA78008E9570 /* Sources */ = {
			isa = PBXSourcesBuildPhase;
			buildActionMask = 2147483647;
			files = (
				2255F8CD2B5FBA78008E9570 /* Download_ManagerUITestsLaunchTests.swift in Sources */,
				2255F8CB2B5FBA78008E9570 /* Download_ManagerUITests.swift in Sources */,
			);
			runOnlyForDeploymentPostprocessing = 0;
		};
/* End PBXSourcesBuildPhase section */

/* Begin PBXTargetDependency section */
		2255F8BE2B5FBA78008E9570 /* PBXTargetDependency */ = {
			isa = PBXTargetDependency;
			target = 2255F8AA2B5FBA76008E9570 /* Download Manager */;
			targetProxy = 2255F8BD2B5FBA78008E9570 /* PBXContainerItemProxy */;
		};
		2255F8C82B5FBA78008E9570 /* PBXTargetDependency */ = {
			isa = PBXTargetDependency;
			target = 2255F8AA2B5FBA76008E9570 /* Download Manager */;
			targetProxy = 2255F8C72B5FBA78008E9570 /* PBXContainerItemProxy */;
		};
/* End PBXTargetDependency section */

/* Begin XCBuildConfiguration section */
		2255F8CE2B5FBA78008E9570 /* Debug */ = {
			isa = XCBuildConfiguration;
			buildSettings = {
				ALWAYS_SEARCH_USER_PATHS = NO;
				ASSETCATALOG_COMPILER_GENERATE_SWIFT_ASSET_SYMBOL_EXTENSIONS = YES;
				CLANG_ANALYZER_NONNULL = YES;
				CLANG_ANALYZER_NUMBER_OBJECT_CONVERSION = YES_AGGRESSIVE;
				CLANG_CXX_LANGUAGE_STANDARD = "gnu++20";
				CLANG_ENABLE_MODULES = YES;
				CLANG_ENABLE_OBJC_ARC = YES;
				CLANG_ENABLE_OBJC_WEAK = YES;
				CLANG_WARN_BLOCK_CAPTURE_AUTORELEASING = YES;
				CLANG_WARN_BOOL_CONVERSION = YES;
				CLANG_WARN_COMMA = YES;
				CLANG_WARN_CONSTANT_CONVERSION = YES;
				CLANG_WARN_DEPRECATED_OBJC_IMPLEMENTATIONS = YES;
				CLANG_WARN_DIRECT_OBJC_ISA_USAGE = YES_ERROR;
				CLANG_WARN_DOCUMENTATION_COMMENTS = YES;
				CLANG_WARN_EMPTY_BODY = YES;
				CLANG_WARN_ENUM_CONVERSION = YES;
				CLANG_WARN_INFINITE_RECURSION = YES;
				CLANG_WARN_INT_CONVERSION = YES;
				CLANG_WARN_NON_LITERAL_NULL_CONVERSION = YES;
				CLANG_WARN_OBJC_IMPLICIT_RETAIN_SELF = YES;
				CLANG_WARN_OBJC_LITERAL_CONVERSION = YES;
				CLANG_WARN_OBJC_ROOT_CLASS = YES_ERROR;
				CLANG_WARN_QUOTED_INCLUDE_IN_FRAMEWORK_HEADER = YES;
				CLANG_WARN_RANGE_LOOP_ANALYSIS = YES;
				CLANG_WARN_STRICT_PROTOTYPES = YES;
				CLANG_WARN_SUSPICIOUS_MOVE = YES;
				CLANG_WARN_UNGUARDED_AVAILABILITY = YES_AGGRESSIVE;
				CLANG_WARN_UNREACHABLE_CODE = YES;
				CLANG_WARN__DUPLICATE_METHOD_MATCH = YES;
				COPY_PHASE_STRIP = NO;
				DEBUG_INFORMATION_FORMAT = dwarf;
				ENABLE_STRICT_OBJC_MSGSEND = YES;
				ENABLE_TESTABILITY = YES;
				ENABLE_USER_SCRIPT_SANDBOXING = YES;
				GCC_C_LANGUAGE_STANDARD = gnu17;
				GCC_DYNAMIC_NO_PIC = NO;
				GCC_NO_COMMON_BLOCKS = YES;
				GCC_OPTIMIZATION_LEVEL = 0;
				GCC_PREPROCESSOR_DEFINITIONS = (
					"DEBUG=1",
					"$(inherited)",
				);
				GCC_WARN_64_TO_32_BIT_CONVERSION = YES;
				GCC_WARN_ABOUT_RETURN_TYPE = YES_ERROR;
				GCC_WARN_UNDECLARED_SELECTOR = YES;
				GCC_WARN_UNINITIALIZED_AUTOS = YES_AGGRESSIVE;
				GCC_WARN_UNUSED_FUNCTION = YES;
				GCC_WARN_UNUSED_VARIABLE = YES;
				LOCALIZATION_PREFERS_STRING_CATALOGS = YES;
				MACOSX_DEPLOYMENT_TARGET = 14.2;
				MTL_ENABLE_DEBUG_INFO = INCLUDE_SOURCE;
				MTL_FAST_MATH = YES;
				ONLY_ACTIVE_ARCH = YES;
				SDKROOT = macosx;
				SWIFT_ACTIVE_COMPILATION_CONDITIONS = "DEBUG $(inherited)";
				SWIFT_OPTIMIZATION_LEVEL = "-Onone";
			};
			name = Debug;
		};
		2255F8CF2B5FBA78008E9570 /* Release */ = {
			isa = XCBuildConfiguration;
			buildSettings = {
				ALWAYS_SEARCH_USER_PATHS = NO;
				ASSETCATALOG_COMPILER_GENERATE_SWIFT_ASSET_SYMBOL_EXTENSIONS = YES;
				CLANG_ANALYZER_NONNULL = YES;
				CLANG_ANALYZER_NUMBER_OBJECT_CONVERSION = YES_AGGRESSIVE;
				CLANG_CXX_LANGUAGE_STANDARD = "gnu++20";
				CLANG_ENABLE_MODULES = YES;
				CLANG_ENABLE_OBJC_ARC = YES;
				CLANG_ENABLE_OBJC_WEAK = YES;
				CLANG_WARN_BLOCK_CAPTURE_AUTORELEASING = YES;
				CLANG_WARN_BOOL_CONVERSION = YES;
				CLANG_WARN_COMMA = YES;
				CLANG_WARN_CONSTANT_CONVERSION = YES;
				CLANG_WARN_DEPRECATED_OBJC_IMPLEMENTATIONS = YES;
				CLANG_WARN_DIRECT_OBJC_ISA_USAGE = YES_ERROR;
				CLANG_WARN_DOCUMENTATION_COMMENTS = YES;
				CLANG_WARN_EMPTY_BODY = YES;
				CLANG_WARN_ENUM_CONVERSION = YES;
				CLANG_WARN_INFINITE_RECURSION = YES;
				CLANG_WARN_INT_CONVERSION = YES;
				CLANG_WARN_NON_LITERAL_NULL_CONVERSION = YES;
				CLANG_WARN_OBJC_IMPLICIT_RETAIN_SELF = YES;
				CLANG_WARN_OBJC_LITERAL_CONVERSION = YES;
				CLANG_WARN_OBJC_ROOT_CLASS = YES_ERROR;
				CLANG_WARN_QUOTED_INCLUDE_IN_FRAMEWORK_HEADER = YES;
				CLANG_WARN_RANGE_LOOP_ANALYSIS = YES;
				CLANG_WARN_STRICT_PROTOTYPES = YES;
				CLANG_WARN_SUSPICIOUS_MOVE = YES;
				CLANG_WARN_UNGUARDED_AVAILABILITY = YES_AGGRESSIVE;
				CLANG_WARN_UNREACHABLE_CODE = YES;
				CLANG_WARN__DUPLICATE_METHOD_MATCH = YES;
				COPY_PHASE_STRIP = NO;
				DEBUG_INFORMATION_FORMAT = "dwarf-with-dsym";
				ENABLE_NS_ASSERTIONS = NO;
				ENABLE_STRICT_OBJC_MSGSEND = YES;
				ENABLE_USER_SCRIPT_SANDBOXING = YES;
				GCC_C_LANGUAGE_STANDARD = gnu17;
				GCC_NO_COMMON_BLOCKS = YES;
				GCC_WARN_64_TO_32_BIT_CONVERSION = YES;
				GCC_WARN_ABOUT_RETURN_TYPE = YES_ERROR;
				GCC_WARN_UNDECLARED_SELECTOR = YES;
				GCC_WARN_UNINITIALIZED_AUTOS = YES_AGGRESSIVE;
				GCC_WARN_UNUSED_FUNCTION = YES;
				GCC_WARN_UNUSED_VARIABLE = YES;
				LOCALIZATION_PREFERS_STRING_CATALOGS = YES;
				MACOSX_DEPLOYMENT_TARGET = 14.2;
				MTL_ENABLE_DEBUG_INFO = NO;
				MTL_FAST_MATH = YES;
				SDKROOT = macosx;
				SWIFT_COMPILATION_MODE = wholemodule;
			};
			name = Release;
		};
		2255F8D12B5FBA78008E9570 /* Debug */ = {
			isa = XCBuildConfiguration;
			buildSettings = {
				ASSETCATALOG_COMPILER_APPICON_NAME = AppIcon;
				ASSETCATALOG_COMPILER_GLOBAL_ACCENT_COLOR_NAME = AccentColor;
				CODE_SIGN_ENTITLEMENTS = "Download Manager/Download_Manager.entitlements";
				CODE_SIGN_STYLE = Automatic;
				COMBINE_HIDPI_IMAGES = YES;
				CURRENT_PROJECT_VERSION = 1;
				DEVELOPMENT_ASSET_PATHS = "\"Download Manager/Preview Content\"";
				DEVELOPMENT_TEAM = S3Q9ZAVN3P;
				ENABLE_HARDENED_RUNTIME = YES;
				ENABLE_PREVIEWS = YES;
				GENERATE_INFOPLIST_FILE = YES;
				INFOPLIST_KEY_NSHumanReadableCopyright = "";
				LD_RUNPATH_SEARCH_PATHS = (
					"$(inherited)",
					"@executable_path/../Frameworks",
				);
				MARKETING_VERSION = 1.0;
				PRODUCT_BUNDLE_IDENTIFIER = "samthomas.Download-Manager";
				PRODUCT_NAME = "$(TARGET_NAME)";
				SWIFT_EMIT_LOC_STRINGS = YES;
				SWIFT_VERSION = 5.0;
			};
			name = Debug;
		};
		2255F8D22B5FBA78008E9570 /* Release */ = {
			isa = XCBuildConfiguration;
			buildSettings = {
				ASSETCATALOG_COMPILER_APPICON_NAME = AppIcon;
				ASSETCATALOG_COMPILER_GLOBAL_ACCENT_COLOR_NAME = AccentColor;
				CODE_SIGN_ENTITLEMENTS = "Download Manager/Download_Manager.entitlements";
				CODE_SIGN_STYLE = Automatic;
				COMBINE_HIDPI_IMAGES = YES;
				CURRENT_PROJECT_VERSION = 1;
				DEVELOPMENT_ASSET_PATHS = "\"Download Manager/Preview Content\"";
				DEVELOPMENT_TEAM = S3Q9ZAVN3P;
				ENABLE_HARDENED_RUNTIME = YES;
				ENABLE_PREVIEWS = YES;
				GENERATE_INFOPLIST_FILE = YES;
				INFOPLIST_KEY_NSHumanReadableCopyright = "";
				LD_RUNPATH_SEARCH_PATHS = (
					"$(inherited)",
					"@executable_path/../Frameworks",
				);
				MARKETING_VERSION = 1.0;
				PRODUCT_BUNDLE_IDENTIFIER = "samthomas.Download-Manager";
				PRODUCT_NAME = "$(TARGET_NAME)";
				SWIFT_EMIT_LOC_STRINGS = YES;
				SWIFT_VERSION = 5.0;
			};
			name = Release;
		};
		2255F8D42B5FBA78008E9570 /* Debug */ = {
			isa = XCBuildConfiguration;
			buildSettings = {
				ALWAYS_EMBED_SWIFT_STANDARD_LIBRARIES = YES;
				BUNDLE_LOADER = "$(TEST_HOST)";
				CODE_SIGN_STYLE = Automatic;
				CURRENT_PROJECT_VERSION = 1;
				DEVELOPMENT_TEAM = S3Q9ZAVN3P;
				GENERATE_INFOPLIST_FILE = YES;
				MACOSX_DEPLOYMENT_TARGET = 14.2;
				MARKETING_VERSION = 1.0;
				PRODUCT_BUNDLE_IDENTIFIER = "samthomas.Download-ManagerTests";
				PRODUCT_NAME = "$(TARGET_NAME)";
				SWIFT_EMIT_LOC_STRINGS = NO;
				SWIFT_VERSION = 5.0;
				TEST_HOST = "$(BUILT_PRODUCTS_DIR)/Download Manager.app/$(BUNDLE_EXECUTABLE_FOLDER_PATH)/Download Manager";
			};
			name = Debug;
		};
		2255F8D52B5FBA78008E9570 /* Release */ = {
			isa = XCBuildConfiguration;
			buildSettings = {
				ALWAYS_EMBED_SWIFT_STANDARD_LIBRARIES = YES;
				BUNDLE_LOADER = "$(TEST_HOST)";
				CODE_SIGN_STYLE = Automatic;
				CURRENT_PROJECT_VERSION = 1;
				DEVELOPMENT_TEAM = S3Q9ZAVN3P;
				GENERATE_INFOPLIST_FILE = YES;
				MACOSX_DEPLOYMENT_TARGET = 14.2;
				MARKETING_VERSION = 1.0;
				PRODUCT_BUNDLE_IDENTIFIER = "samthomas.Download-ManagerTests";
				PRODUCT_NAME = "$(TARGET_NAME)";
				SWIFT_EMIT_LOC_STRINGS = NO;
				SWIFT_VERSION = 5.0;
				TEST_HOST = "$(BUILT_PRODUCTS_DIR)/Download Manager.app/$(BUNDLE_EXECUTABLE_FOLDER_PATH)/Download Manager";
			};
			name = Release;
		};
		2255F8D72B5FBA78008E9570 /* Debug */ = {
			isa = XCBuildConfiguration;
			buildSettings = {
				ALWAYS_EMBED_SWIFT_STANDARD_LIBRARIES = YES;
				CODE_SIGN_STYLE = Automatic;
				CURRENT_PROJECT_VERSION = 1;
				DEVELOPMENT_TEAM = S3Q9ZAVN3P;
				GENERATE_INFOPLIST_FILE = YES;
				MARKETING_VERSION = 1.0;
				PRODUCT_BUNDLE_IDENTIFIER = "samthomas.Download-ManagerUITests";
				PRODUCT_NAME = "$(TARGET_NAME)";
				SWIFT_EMIT_LOC_STRINGS = NO;
				SWIFT_VERSION = 5.0;
				TEST_TARGET_NAME = "Download Manager";
			};
			name = Debug;
		};
		2255F8D82B5FBA78008E9570 /* Release */ = {
			isa = XCBuildConfiguration;
			buildSettings = {
				ALWAYS_EMBED_SWIFT_STANDARD_LIBRARIES = YES;
				CODE_SIGN_STYLE = Automatic;
				CURRENT_PROJECT_VERSION = 1;
				DEVELOPMENT_TEAM = S3Q9ZAVN3P;
				GENERATE_INFOPLIST_FILE = YES;
				MARKETING_VERSION = 1.0;
				PRODUCT_BUNDLE_IDENTIFIER = "samthomas.Download-ManagerUITests";
				PRODUCT_NAME = "$(TARGET_NAME)";
				SWIFT_EMIT_LOC_STRINGS = NO;
				SWIFT_VERSION = 5.0;
				TEST_TARGET_NAME = "Download Manager";
			};
			name = Release;
		};
/* End XCBuildConfiguration section */

/* Begin XCConfigurationList section */
		2255F8A62B5FBA76008E9570 /* Build configuration list for PBXProject "Download Manager" */ = {
			isa = XCConfigurationList;
			buildConfigurations = (
				2255F8CE2B5FBA78008E9570 /* Debug */,
				2255F8CF2B5FBA78008E9570 /* Release */,
			);
			defaultConfigurationIsVisible = 0;
			defaultConfigurationName = Release;
		};
		2255F8D02B5FBA78008E9570 /* Build configuration list for PBXNativeTarget "Download Manager" */ = {
			isa = XCConfigurationList;
			buildConfigurations = (
				2255F8D12B5FBA78008E9570 /* Debug */,
				2255F8D22B5FBA78008E9570 /* Release */,
			);
			defaultConfigurationIsVisible = 0;
			defaultConfigurationName = Release;
		};
		2255F8D32B5FBA78008E9570 /* Build configuration list for PBXNativeTarget "Download ManagerTests" */ = {
			isa = XCConfigurationList;
			buildConfigurations = (
				2255F8D42B5FBA78008E9570 /* Debug */,
				2255F8D52B5FBA78008E9570 /* Release */,
			);
			defaultConfigurationIsVisible = 0;
			defaultConfigurationName = Release;
		};
		2255F8D62B5FBA78008E9570 /* Build configuration list for PBXNativeTarget "Download ManagerUITests" */ = {
			isa = XCConfigurationList;
			buildConfigurations = (
				2255F8D72B5FBA78008E9570 /* Debug */,
				2255F8D82B5FBA78008E9570 /* Release */,
			);
			defaultConfigurationIsVisible = 0;
			defaultConfigurationName = Release;
		};
/* End XCConfigurationList section */
	};
	rootObject = 2255F8A32B5FBA76008E9570 /* Project object */;
}
